
Microsoft Visual Studio Solution File, Format Version 12.00
# Visual Studio Version 16
VisualStudioVersion = 16.0.30907.101
MinimumVisualStudioVersion = 10.0.40219.1
Project("{FAE04EC0-301F-11D3-BF4B-00C04F79EFBC}") = "Group3_LMS", "Group3_LMS\Group3_LMS.csproj", "{DC162116-DEB1-445B-B1AF-94ED3FDAA1C7}"
EndProject
Global
	GlobalSection(SolutionConfigurationPlatforms) = preSolution
		Debug|Any CPU = Debug|Any CPU
		Release|Any CPU = Release|Any CPU
	EndGlobalSection
	GlobalSection(ProjectConfigurationPlatforms) = postSolution
		{DC162116-DEB1-445B-B1AF-94ED3FDAA1C7}.Debug|Any CPU.ActiveCfg = Debug|Any CPU
		{DC162116-DEB1-445B-B1AF-94ED3FDAA1C7}.Debug|Any CPU.Build.0 = Debug|Any CPU
		{DC162116-DEB1-445B-B1AF-94ED3FDAA1C7}.Release|Any CPU.ActiveCfg = Release|Any CPU
		{DC162116-DEB1-445B-B1AF-94ED3FDAA1C7}.Release|Any CPU.Build.0 = Release|Any CPU
	EndGlobalSection
	GlobalSection(SolutionProperties) = preSolution
		HideSolutionNode = FALSE
	EndGlobalSection
	GlobalSection(ExtensibilityGlobals) = postSolution
		SolutionGuid = {86DA6E46-D59B-4C51-BD38-A8F32C91DBA9}
	EndGlobalSection
EndGlobal
